
Microsoft Visual Studio Solution File, Format Version 12.00
# Visual Studio 15
VisualStudioVersion = 15.0.27130.2036
MinimumVisualStudioVersion = 10.0.40219.1
Project("{E24C65DC-7377-472B-9ABA-BC803B73C61A}") = "cnode", ".", "{B21C31A9-7053-43E9-9DFE-3E0DBB274A12}"
	ProjectSection(WebsiteProperties) = preProject
		TargetFrameworkMoniker = ".NETFramework,Version%3Dv4.0"
		Debug.AspNetCompiler.VirtualPath = "/localhost_57104"
		Debug.AspNetCompiler.PhysicalPath = "..\..\..\Desktop\有用的东西\React-learning\cnode\"
		Debug.AspNetCompiler.TargetPath = "PrecompiledWeb\localhost_57104\"
		Debug.AspNetCompiler.Updateable = "true"
		Debug.AspNetCompiler.ForceOverwrite = "true"
		Debug.AspNetCompiler.FixedNames = "false"
		Debug.AspNetCompiler.Debug = "True"
		Release.AspNetCompiler.VirtualPath = "/localhost_57104"
		Release.AspNetCompiler.PhysicalPath = "..\..\..\Desktop\有用的东西\React-learning\cnode\"
		Release.AspNetCompiler.TargetPath = "PrecompiledWeb\localhost_57104\"
		Release.AspNetCompiler.Updateable = "true"
		Release.AspNetCompiler.ForceOverwrite = "true"
		Release.AspNetCompiler.FixedNames = "false"
		Release.AspNetCompiler.Debug = "False"
		VWDPort = "57104"
	EndProjectSection
EndProject
Global
	GlobalSection(SolutionConfigurationPlatforms) = preSolution
		Debug|Any CPU = Debug|Any CPU
	EndGlobalSection
	GlobalSection(ProjectConfigurationPlatforms) = postSolution
		{B21C31A9-7053-43E9-9DFE-3E0DBB274A12}.Debug|Any CPU.ActiveCfg = Debug|Any CPU
		{B21C31A9-7053-43E9-9DFE-3E0DBB274A12}.Debug|Any CPU.Build.0 = Debug|Any CPU
	EndGlobalSection
	GlobalSection(SolutionProperties) = preSolution
		HideSolutionNode = FALSE
	EndGlobalSection
	GlobalSection(ExtensibilityGlobals) = postSolution
		SolutionGuid = {001113F4-4CFC-4DD9-99C0-03FCB67FDEE8}
	EndGlobalSection
EndGlobal
